// !$*UTF8*$!
{
	archiveVersion = 1;
	classes = {
	};
	objectVersion = 56;
	objects = {

/* Begin PBXBuildFile section */
		757AC5BD2981503F00B7A89E /* DataManager.swift in Sources */ = {isa = PBXBuildFile; fileRef = 757AC5BC2981503F00B7A89E /* DataManager.swift */; };
		757AC5BF298157BF00B7A89E /* TabBarViewController.swift in Sources */ = {isa = PBXBuildFile; fileRef = 757AC5BE298157BF00B7A89E /* TabBarViewController.swift */; };
		75DAAE462971CEF700362910 /* AppDelegate.swift in Sources */ = {isa = PBXBuildFile; fileRef = 75DAAE452971CEF700362910 /* AppDelegate.swift */; };
		75DAAE482971CEF700362910 /* SceneDelegate.swift in Sources */ = {isa = PBXBuildFile; fileRef = 75DAAE472971CEF700362910 /* SceneDelegate.swift */; };
		75DAAE4A2971CEF700362910 /* ViewController.swift in Sources */ = {isa = PBXBuildFile; fileRef = 75DAAE492971CEF700362910 /* ViewController.swift */; };
		75DAAE4D2971CEF700362910 /* Main.storyboard in Resources */ = {isa = PBXBuildFile; fileRef = 75DAAE4B2971CEF700362910 /* Main.storyboard */; };
		75DAAE4F2971CEF900362910 /* Assets.xcassets in Resources */ = {isa = PBXBuildFile; fileRef = 75DAAE4E2971CEF900362910 /* Assets.xcassets */; };
		75DAAE522971CEF900362910 /* LaunchScreen.storyboard in Resources */ = {isa = PBXBuildFile; fileRef = 75DAAE502971CEF900362910 /* LaunchScreen.storyboard */; };
		75DAAE5A2971D28A00362910 /* Person.swift in Sources */ = {isa = PBXBuildFile; fileRef = 75DAAE592971D28A00362910 /* Person.swift */; };
		75DAAE5C2971E34700362910 /* ShowContactViewController.swift in Sources */ = {isa = PBXBuildFile; fileRef = 75DAAE5B2971E34700362910 /* ShowContactViewController.swift */; };
		75E295C82976AC430018D552 /* ShowFullContactsViewController.swift in Sources */ = {isa = PBXBuildFile; fileRef = 75E295C72976AC430018D552 /* ShowFullContactsViewController.swift */; };
		75E94FC629799C680050AA5E /* CustomTableViewCell.swift in Sources */ = {isa = PBXBuildFile; fileRef = 75E94FC529799C680050AA5E /* CustomTableViewCell.swift */; };
/* End PBXBuildFile section */

/* Begin PBXFileReference section */
		757AC5BC2981503F00B7A89E /* DataManager.swift */ = {isa = PBXFileReference; lastKnownFileType = sourcecode.swift; path = DataManager.swift; sourceTree = "<group>"; };
		757AC5BE298157BF00B7A89E /* TabBarViewController.swift */ = {isa = PBXFileReference; lastKnownFileType = sourcecode.swift; path = TabBarViewController.swift; sourceTree = "<group>"; };
		75DAAE422971CEF700362910 /* TableViewHW7.app */ = {isa = PBXFileReference; explicitFileType = wrapper.application; includeInIndex = 0; path = TableViewHW7.app; sourceTree = BUILT_PRODUCTS_DIR; };
		75DAAE452971CEF700362910 /* AppDelegate.swift */ = {isa = PBXFileReference; lastKnownFileType = sourcecode.swift; path = AppDelegate.swift; sourceTree = "<group>"; };
		75DAAE472971CEF700362910 /* SceneDelegate.swift */ = {isa = PBXFileReference; lastKnownFileType = sourcecode.swift; path = SceneDelegate.swift; sourceTree = "<group>"; };
		75DAAE492971CEF700362910 /* ViewController.swift */ = {isa = PBXFileReference; lastKnownFileType = sourcecode.swift; path = ViewController.swift; sourceTree = "<group>"; };
		75DAAE4C2971CEF700362910 /* Base */ = {isa = PBXFileReference; lastKnownFileType = file.storyboard; name = Base; path = Base.lproj/Main.storyboard; sourceTree = "<group>"; };
		75DAAE4E2971CEF900362910 /* Assets.xcassets */ = {isa = PBXFileReference; lastKnownFileType = folder.assetcatalog; path = Assets.xcassets; sourceTree = "<group>"; };
		75DAAE512971CEF900362910 /* Base */ = {isa = PBXFileReference; lastKnownFileType = file.storyboard; name = Base; path = Base.lproj/LaunchScreen.storyboard; sourceTree = "<group>"; };
		75DAAE532971CEF900362910 /* Info.plist */ = {isa = PBXFileReference; lastKnownFileType = text.plist.xml; path = Info.plist; sourceTree = "<group>"; };
		75DAAE592971D28A00362910 /* Person.swift */ = {isa = PBXFileReference; lastKnownFileType = sourcecode.swift; path = Person.swift; sourceTree = "<group>"; };
		75DAAE5B2971E34700362910 /* ShowContactViewController.swift */ = {isa = PBXFileReference; lastKnownFileType = sourcecode.swift; path = ShowContactViewController.swift; sourceTree = "<group>"; };
		75E295C72976AC430018D552 /* ShowFullContactsViewController.swift */ = {isa = PBXFileReference; lastKnownFileType = sourcecode.swift; path = ShowFullContactsViewController.swift; sourceTree = "<group>"; };
		75E94FC529799C680050AA5E /* CustomTableViewCell.swift */ = {isa = PBXFileReference; lastKnownFileType = sourcecode.swift; path = CustomTableViewCell.swift; sourceTree = "<group>"; };
/* End PBXFileReference section */

/* Begin PBXFrameworksBuildPhase section */
		75DAAE3F2971CEF700362910 /* Frameworks */ = {
			isa = PBXFrameworksBuildPhase;
			buildActionMask = 2147483647;
			files = (
			);
			runOnlyForDeploymentPostprocessing = 0;
		};
/* End PBXFrameworksBuildPhase section */

/* Begin PBXGroup section */
		75DAAE392971CEF700362910 = {
			isa = PBXGroup;
			children = (
				75DAAE442971CEF700362910 /* TableViewHW7 */,
				75DAAE432971CEF700362910 /* Products */,
			);
			sourceTree = "<group>";
		};
		75DAAE432971CEF700362910 /* Products */ = {
			isa = PBXGroup;
			children = (
				75DAAE422971CEF700362910 /* TableViewHW7.app */,
			);
			name = Products;
			sourceTree = "<group>";
		};
		75DAAE442971CEF700362910 /* TableViewHW7 */ = {
			isa = PBXGroup;
			children = (
				75DAAE452971CEF700362910 /* AppDelegate.swift */,
				75DAAE472971CEF700362910 /* SceneDelegate.swift */,
				757AC5BE298157BF00B7A89E /* TabBarViewController.swift */,
				75DAAE492971CEF700362910 /* ViewController.swift */,
				75DAAE5B2971E34700362910 /* ShowContactViewController.swift */,
				75E295C72976AC430018D552 /* ShowFullContactsViewController.swift */,
				75E94FC529799C680050AA5E /* CustomTableViewCell.swift */,
				75DAAE592971D28A00362910 /* Person.swift */,
				757AC5BC2981503F00B7A89E /* DataManager.swift */,
				75DAAE4B2971CEF700362910 /* Main.storyboard */,
				75DAAE4E2971CEF900362910 /* Assets.xcassets */,
				75DAAE502971CEF900362910 /* LaunchScreen.storyboard */,
				75DAAE532971CEF900362910 /* Info.plist */,
			);
			path = TableViewHW7;
			sourceTree = "<group>";
		};
/* End PBXGroup section */

/* Begin PBXNativeTarget section */
		75DAAE412971CEF700362910 /* TableViewHW7 */ = {
			isa = PBXNativeTarget;
			buildConfigurationList = 75DAAE562971CEF900362910 /* Build configuration list for PBXNativeTarget "TableViewHW7" */;
			buildPhases = (
				75DAAE3E2971CEF700362910 /* Sources */,
				75DAAE3F2971CEF700362910 /* Frameworks */,
				75DAAE402971CEF700362910 /* Resources */,
			);
			buildRules = (
			);
			dependencies = (
			);
			name = TableViewHW7;
			productName = TableViewHW7;
			productReference = 75DAAE422971CEF700362910 /* TableViewHW7.app */;
			productType = "com.apple.product-type.application";
		};
/* End PBXNativeTarget section */

/* Begin PBXProject section */
		75DAAE3A2971CEF700362910 /* Project object */ = {
			isa = PBXProject;
			attributes = {
				BuildIndependentTargetsInParallel = 1;
				LastSwiftUpdateCheck = 1410;
				LastUpgradeCheck = 1410;
				TargetAttributes = {
					75DAAE412971CEF700362910 = {
						CreatedOnToolsVersion = 14.1;
					};
				};
			};
			buildConfigurationList = 75DAAE3D2971CEF700362910 /* Build configuration list for PBXProject "TableViewHW7" */;
			compatibilityVersion = "Xcode 14.0";
			developmentRegion = en;
			hasScannedForEncodings = 0;
			knownRegions = (
				en,
				Base,
			);
			mainGroup = 75DAAE392971CEF700362910;
			productRefGroup = 75DAAE432971CEF700362910 /* Products */;
			projectDirPath = "";
			projectRoot = "";
			targets = (
				75DAAE412971CEF700362910 /* TableViewHW7 */,
			);
		};
/* End PBXProject section */

/* Begin PBXResourcesBuildPhase section */
		75DAAE402971CEF700362910 /* Resources */ = {
			isa = PBXResourcesBuildPhase;
			buildActionMask = 2147483647;
			files = (
				75DAAE522971CEF900362910 /* LaunchScreen.storyboard in Resources */,
				75DAAE4F2971CEF900362910 /* Assets.xcassets in Resources */,
				75DAAE4D2971CEF700362910 /* Main.storyboard in Resources */,
			);
			runOnlyForDeploymentPostprocessing = 0;
		};
/* End PBXResourcesBuildPhase section */

/* Begin PBXSourcesBuildPhase section */
		75DAAE3E2971CEF700362910 /* Sources */ = {
			isa = PBXSourcesBuildPhase;
			buildActionMask = 2147483647;
			files = (
				75DAAE5C2971E34700362910 /* ShowContactViewController.swift in Sources */,
				757AC5BD2981503F00B7A89E /* DataManager.swift in Sources */,
				75DAAE4A2971CEF700362910 /* ViewController.swift in Sources */,
				75DAAE462971CEF700362910 /* AppDelegate.swift in Sources */,
				757AC5BF298157BF00B7A89E /* TabBarViewController.swift in Sources */,
				75E94FC629799C680050AA5E /* CustomTableViewCell.swift in Sources */,
				75DAAE5A2971D28A00362910 /* Person.swift in Sources */,
				75DAAE482971CEF700362910 /* SceneDelegate.swift in Sources */,
				75E295C82976AC430018D552 /* ShowFullContactsViewController.swift in Sources */,
			);
			runOnlyForDeploymentPostprocessing = 0;
		};
/* End PBXSourcesBuildPhase section */

/* Begin PBXVariantGroup section */
		75DAAE4B2971CEF700362910 /* Main.storyboard */ = {
			isa = PBXVariantGroup;
			children = (
				75DAAE4C2971CEF700362910 /* Base */,
			);
			name = Main.storyboard;
			sourceTree = "<group>";
		};
		75DAAE502971CEF900362910 /* LaunchScreen.storyboard */ = {
			isa = PBXVariantGroup;
			children = (
				75DAAE512971CEF900362910 /* Base */,
			);
			name = LaunchScreen.storyboard;
			sourceTree = "<group>";
		};
/* End PBXVariantGroup section */

/* Begin XCBuildConfiguration section */
		75DAAE542971CEF900362910 /* Debug */ = {
			isa = XCBuildConfiguration;
			buildSettings = {
				ALWAYS_SEARCH_USER_PATHS = NO;
				CLANG_ANALYZER_NONNULL = YES;
				CLANG_ANALYZER_NUMBER_OBJECT_CONVERSION = YES_AGGRESSIVE;
				CLANG_CXX_LANGUAGE_STANDARD = "gnu++20";
				CLANG_ENABLE_MODULES = YES;
				CLANG_ENABLE_OBJC_ARC = YES;
				CLANG_ENABLE_OBJC_WEAK = YES;
				CLANG_WARN_BLOCK_CAPTURE_AUTORELEASING = YES;
				CLANG_WARN_BOOL_CONVERSION = YES;
				CLANG_WARN_COMMA = YES;
				CLANG_WARN_CONSTANT_CONVERSION = YES;
				CLANG_WARN_DEPRECATED_OBJC_IMPLEMENTATIONS = YES;
				CLANG_WARN_DIRECT_OBJC_ISA_USAGE = YES_ERROR;
				CLANG_WARN_DOCUMENTATION_COMMENTS = YES;
				CLANG_WARN_EMPTY_BODY = YES;
				CLANG_WARN_ENUM_CONVERSION = YES;
				CLANG_WARN_INFINITE_RECURSION = YES;
				CLANG_WARN_INT_CONVERSION = YES;
				CLANG_WARN_NON_LITERAL_NULL_CONVERSION = YES;
				CLANG_WARN_OBJC_IMPLICIT_RETAIN_SELF = YES;
				CLANG_WARN_OBJC_LITERAL_CONVERSION = YES;
				CLANG_WARN_OBJC_ROOT_CLASS = YES_ERROR;
				CLANG_WARN_QUOTED_INCLUDE_IN_FRAMEWORK_HEADER = YES;
				CLANG_WARN_RANGE_LOOP_ANALYSIS = YES;
				CLANG_WARN_STRICT_PROTOTYPES = YES;
				CLANG_WARN_SUSPICIOUS_MOVE = YES;
				CLANG_WARN_UNGUARDED_AVAILABILITY = YES_AGGRESSIVE;
				CLANG_WARN_UNREACHABLE_CODE = YES;
				CLANG_WARN__DUPLICATE_METHOD_MATCH = YES;
				COPY_PHASE_STRIP = NO;
				DEBUG_INFORMATION_FORMAT = dwarf;
				ENABLE_STRICT_OBJC_MSGSEND = YES;
				ENABLE_TESTABILITY = YES;
				GCC_C_LANGUAGE_STANDARD = gnu11;
				GCC_DYNAMIC_NO_PIC = NO;
				GCC_NO_COMMON_BLOCKS = YES;
				GCC_OPTIMIZATION_LEVEL = 0;
				GCC_PREPROCESSOR_DEFINITIONS = (
					"DEBUG=1",
					"$(inherited)",
				);
				GCC_WARN_64_TO_32_BIT_CONVERSION = YES;
				GCC_WARN_ABOUT_RETURN_TYPE = YES_ERROR;
				GCC_WARN_UNDECLARED_SELECTOR = YES;
				GCC_WARN_UNINITIALIZED_AUTOS = YES_AGGRESSIVE;
				GCC_WARN_UNUSED_FUNCTION = YES;
				GCC_WARN_UNUSED_VARIABLE = YES;
				IPHONEOS_DEPLOYMENT_TARGET = 16.1;
				MTL_ENABLE_DEBUG_INFO = INCLUDE_SOURCE;
				MTL_FAST_MATH = YES;
				ONLY_ACTIVE_ARCH = YES;
				SDKROOT = iphoneos;
				SWIFT_ACTIVE_COMPILATION_CONDITIONS = DEBUG;
				SWIFT_OPTIMIZATION_LEVEL = "-Onone";
			};
			name = Debug;
		};
		75DAAE552971CEF900362910 /* Release */ = {
			isa = XCBuildConfiguration;
			buildSettings = {
				ALWAYS_SEARCH_USER_PATHS = NO;
				CLANG_ANALYZER_NONNULL = YES;
				CLANG_ANALYZER_NUMBER_OBJECT_CONVERSION = YES_AGGRESSIVE;
				CLANG_CXX_LANGUAGE_STANDARD = "gnu++20";
				CLANG_ENABLE_MODULES = YES;
				CLANG_ENABLE_OBJC_ARC = YES;
				CLANG_ENABLE_OBJC_WEAK = YES;
				CLANG_WARN_BLOCK_CAPTURE_AUTORELEASING = YES;
				CLANG_WARN_BOOL_CONVERSION = YES;
				CLANG_WARN_COMMA = YES;
				CLANG_WARN_CONSTANT_CONVERSION = YES;
				CLANG_WARN_DEPRECATED_OBJC_IMPLEMENTATIONS = YES;
				CLANG_WARN_DIRECT_OBJC_ISA_USAGE = YES_ERROR;
				CLANG_WARN_DOCUMENTATION_COMMENTS = YES;
				CLANG_WARN_EMPTY_BODY = YES;
				CLANG_WARN_ENUM_CONVERSION = YES;
				CLANG_WARN_INFINITE_RECURSION = YES;
				CLANG_WARN_INT_CONVERSION = YES;
				CLANG_WARN_NON_LITERAL_NULL_CONVERSION = YES;
				CLANG_WARN_OBJC_IMPLICIT_RETAIN_SELF = YES;
				CLANG_WARN_OBJC_LITERAL_CONVERSION = YES;
				CLANG_WARN_OBJC_ROOT_CLASS = YES_ERROR;
				CLANG_WARN_QUOTED_INCLUDE_IN_FRAMEWORK_HEADER = YES;
				CLANG_WARN_RANGE_LOOP_ANALYSIS = YES;
				CLANG_WARN_STRICT_PROTOTYPES = YES;
				CLANG_WARN_SUSPICIOUS_MOVE = YES;
				CLANG_WARN_UNGUARDED_AVAILABILITY = YES_AGGRESSIVE;
				CLANG_WARN_UNREACHABLE_CODE = YES;
				CLANG_WARN__DUPLICATE_METHOD_MATCH = YES;
				COPY_PHASE_STRIP = NO;
				DEBUG_INFORMATION_FORMAT = "dwarf-with-dsym";
				ENABLE_NS_ASSERTIONS = NO;
				ENABLE_STRICT_OBJC_MSGSEND = YES;
				GCC_C_LANGUAGE_STANDARD = gnu11;
				GCC_NO_COMMON_BLOCKS = YES;
				GCC_WARN_64_TO_32_BIT_CONVERSION = YES;
				GCC_WARN_ABOUT_RETURN_TYPE = YES_ERROR;
				GCC_WARN_UNDECLARED_SELECTOR = YES;
				GCC_WARN_UNINITIALIZED_AUTOS = YES_AGGRESSIVE;
				GCC_WARN_UNUSED_FUNCTION = YES;
				GCC_WARN_UNUSED_VARIABLE = YES;
				IPHONEOS_DEPLOYMENT_TARGET = 16.1;
				MTL_ENABLE_DEBUG_INFO = NO;
				MTL_FAST_MATH = YES;
				SDKROOT = iphoneos;
				SWIFT_COMPILATION_MODE = wholemodule;
				SWIFT_OPTIMIZATION_LEVEL = "-O";
				VALIDATE_PRODUCT = YES;
			};
			name = Release;
		};
		75DAAE572971CEF900362910 /* Debug */ = {
			isa = XCBuildConfiguration;
			buildSettings = {
				ASSETCATALOG_COMPILER_APPICON_NAME = AppIcon;
				ASSETCATALOG_COMPILER_GLOBAL_ACCENT_COLOR_NAME = AccentColor;
				CODE_SIGN_STYLE = Automatic;
				CURRENT_PROJECT_VERSION = 1;
				DEVELOPMENT_TEAM = 6Y5PUW25YQ;
				GENERATE_INFOPLIST_FILE = YES;
				INFOPLIST_FILE = TableViewHW7/Info.plist;
				INFOPLIST_KEY_UIApplicationSupportsIndirectInputEvents = YES;
				INFOPLIST_KEY_UILaunchStoryboardName = LaunchScreen;
				INFOPLIST_KEY_UIMainStoryboardFile = Main;
				INFOPLIST_KEY_UISupportedInterfaceOrientations_iPad = "UIInterfaceOrientationPortrait UIInterfaceOrientationPortraitUpsideDown UIInterfaceOrientationLandscapeLeft UIInterfaceOrientationLandscapeRight";
				INFOPLIST_KEY_UISupportedInterfaceOrientations_iPhone = "UIInterfaceOrientationPortrait UIInterfaceOrientationLandscapeLeft UIInterfaceOrientationLandscapeRight";
				LD_RUNPATH_SEARCH_PATHS = (
					"$(inherited)",
					"@executable_path/Frameworks",
				);
				MARKETING_VERSION = 1.0;
				PRODUCT_BUNDLE_IDENTIFIER = com.IinfernalI.TableViewHW7;
				PRODUCT_NAME = "$(TARGET_NAME)";
				SWIFT_EMIT_LOC_STRINGS = YES;
				SWIFT_VERSION = 5.0;
				TARGETED_DEVICE_FAMILY = "1,2";
			};
			name = Debug;
		};
		75DAAE582971CEF900362910 /* Release */ = {
			isa = XCBuildConfiguration;
			buildSettings = {
				ASSETCATALOG_COMPILER_APPICON_NAME = AppIcon;
				ASSETCATALOG_COMPILER_GLOBAL_ACCENT_COLOR_NAME = AccentColor;
				CODE_SIGN_STYLE = Automatic;
				CURRENT_PROJECT_VERSION = 1;
				DEVELOPMENT_TEAM = 6Y5PUW25YQ;
				GENERATE_INFOPLIST_FILE = YES;
				INFOPLIST_FILE = TableViewHW7/Info.plist;
				INFOPLIST_KEY_UIApplicationSupportsIndirectInputEvents = YES;
				INFOPLIST_KEY_UILaunchStoryboardName = LaunchScreen;
				INFOPLIST_KEY_UIMainStoryboardFile = Main;
				INFOPLIST_KEY_UISupportedInterfaceOrientations_iPad = "UIInterfaceOrientationPortrait UIInterfaceOrientationPortraitUpsideDown UIInterfaceOrientationLandscapeLeft UIInterfaceOrientationLandscapeRight";
				INFOPLIST_KEY_UISupportedInterfaceOrientations_iPhone = "UIInterfaceOrientationPortrait UIInterfaceOrientationLandscapeLeft UIInterfaceOrientationLandscapeRight";
				LD_RUNPATH_SEARCH_PATHS = (
					"$(inherited)",
					"@executable_path/Frameworks",
				);
				MARKETING_VERSION = 1.0;
				PRODUCT_BUNDLE_IDENTIFIER = com.IinfernalI.TableViewHW7;
				PRODUCT_NAME = "$(TARGET_NAME)";
				SWIFT_EMIT_LOC_STRINGS = YES;
				SWIFT_VERSION = 5.0;
				TARGETED_DEVICE_FAMILY = "1,2";
			};
			name = Release;
		};
/* End XCBuildConfiguration section */

/* Begin XCConfigurationList section */
		75DAAE3D2971CEF700362910 /* Build configuration list for PBXProject "TableViewHW7" */ = {
			isa = XCConfigurationList;
			buildConfigurations = (
				75DAAE542971CEF900362910 /* Debug */,
				75DAAE552971CEF900362910 /* Release */,
			);
			defaultConfigurationIsVisible = 0;
			defaultConfigurationName = Release;
		};
		75DAAE562971CEF900362910 /* Build configuration list for PBXNativeTarget "TableViewHW7" */ = {
			isa = XCConfigurationList;
			buildConfigurations = (
				75DAAE572971CEF900362910 /* Debug */,
				75DAAE582971CEF900362910 /* Release */,
			);
			defaultConfigurationIsVisible = 0;
			defaultConfigurationName = Release;
		};
/* End XCConfigurationList section */
	};
	rootObject = 75DAAE3A2971CEF700362910 /* Project object */;
}
